{
  "name": "monkey-cy",
  "lockfileVersion": 3,
  "requires": true,
  "packages": {
    "": {
      "dependencies": {
        "@faker-js/faker": "^8.4.1",
        "cypress-plugin-tab": "^1.0.5",
        "fs": "^0.0.1-security"
      },
      "devDependencies": {
        "faker": "^6.6.6"
      }
    },
    "node_modules/@faker-js/faker": {
      "version": "8.4.1",
      "resolved": "https://registry.npmjs.org/@faker-js/faker/-/faker-8.4.1.tgz",
      "integrity": "sha512-XQ3cU+Q8Uqmrbf2e0cIC/QN43sTBSC8KF12u29Mb47tWrt2hAgBXSgpZMj4Ao8Uk0iJcU99QsOCaIL8934obCg==",
      "funding": [
        {
          "type": "opencollective",
          "url": "https://opencollective.com/fakerjs"
        }
      ],
      "engines": {
        "node": "^14.17.0 || ^16.13.0 || >=18.0.0",
        "npm": ">=6.14.13"
      }
    },
    "node_modules/ally.js": {
      "version": "1.4.1",
      "resolved": "https://registry.npmjs.org/ally.js/-/ally.js-1.4.1.tgz",
      "integrity": "sha512-ZewdfuwP6VewtMN36QY0gmiyvBfMnmEaNwbVu2nTS6zRt069viTgkYgaDiqu6vRJ1VJCriNqV0jGMu44R8zNbA==",
      "dependencies": {
        "css.escape": "^1.5.0",
        "platform": "1.3.3"
      }
    },
    "node_modules/css.escape": {
      "version": "1.5.1",
      "resolved": "https://registry.npmjs.org/css.escape/-/css.escape-1.5.1.tgz",
      "integrity": "sha512-YUifsXXuknHlUsmlgyY0PKzgPOr7/FjCePfHNt0jxm83wHZi44VDMQ7/fGNkjY3/jV1MC+1CmZbaHzugyeRtpg=="
    },
    "node_modules/cypress-plugin-tab": {
      "version": "1.0.5",
      "resolved": "https://registry.npmjs.org/cypress-plugin-tab/-/cypress-plugin-tab-1.0.5.tgz",
      "integrity": "sha512-QtTJcifOVwwbeMP3hsOzQOKf3EqKsLyjtg9ZAGlYDntrCRXrsQhe4ZQGIthRMRLKpnP6/tTk6G0gJ2sZUfRliQ==",
      "dependencies": {
        "ally.js": "^1.4.1"
      }
    },
    "node_modules/faker": {
      "version": "6.6.6",
      "resolved": "https://registry.npmjs.org/faker/-/faker-6.6.6.tgz",
      "integrity": "sha512-9tCqYEDHI5RYFQigXFwF1hnCwcWCOJl/hmll0lr5D2Ljjb0o4wphb69wikeJDz5qCEzXCoPvG6ss5SDP6IfOdg==",
      "dev": true
    },
    "node_modules/fs": {
      "version": "0.0.1-security",
      "resolved": "https://registry.npmjs.org/fs/-/fs-0.0.1-security.tgz",
      "integrity": "sha512-3XY9e1pP0CVEUCdj5BmfIZxRBTSDycnbqhIOGec9QYtmVH2fbLpj86CFWkrNOkt/Fvty4KZG5lTglL9j/gJ87w=="
    },
    "node_modules/platform": {
      "version": "1.3.3",
      "resolved": "https://registry.npmjs.org/platform/-/platform-1.3.3.tgz",
      "integrity": "sha512-VJK1SRmXBpjwsB4YOHYSturx48rLKMzHgCqDH2ZDa6ZbMS/N5huoNqyQdK5Fj/xayu3fqbXckn5SeCS1EbMDZg=="
    }
  }
}
